
Microsoft Visual Studio Solution File, Format Version 12.00
# Visual Studio Version 17
VisualStudioVersion = 17.0.31903.59
MinimumVisualStudioVersion = 10.0.40219.1
Project("{FAE04EC0-301F-11D3-BF4B-00C04F79EFBC}") = "CustomerFeedbackSystem.OLAP.Core", "CustomerFeedbackSystem.OLAP.Core\CustomerFeedbackSystem.OLAP.Core.csproj", "{6607A0FB-6E41-44DA-BF8C-A8263D9AD46C}"
EndProject
Project("{FAE04EC0-301F-11D3-BF4B-00C04F79EFBC}") = "CustomerFeedbackSystem.OLAP.Infrastructure", "CustomerFeedbackSystem.OLAP.Infrastructure\CustomerFeedbackSystem.OLAP.Infrastructure.csproj", "{E6CAB6A8-4286-4F8F-9868-576FCE1EE289}"
EndProject
Project("{FAE04EC0-301F-11D3-BF4B-00C04F79EFBC}") = "CustomerFeedbackSystem.OLAP.Worker", "CustomerFeedbackSystem.OLAP.Worker\CustomerFeedbackSystem.OLAP.Worker.csproj", "{CF4ABAFF-2459-465B-8B9A-CA1F5D689449}"
EndProject
Project("{FAE04EC0-301F-11D3-BF4B-00C04F79EFBC}") = "CustomerFeedbackSystem.OLAP.Api", "CustomerFeedbackSystem.OLAP.Api\CustomerFeedbackSystem.OLAP.Api.csproj", "{2DDA290A-E5D4-41D4-A621-388A242D5700}"
EndProject
Project("{FAE04EC0-301F-11D3-BF4B-00C04F79EFBC}") = "CustomerFeedbackSystem.OLAP.Tests", "CustomerFeedbackSystem.OLAP.Tests\CustomerFeedbackSystem.OLAP.Tests.csproj", "{22B37736-1275-4209-B606-EA7C4EBAABF9}"
EndProject
Global
	GlobalSection(SolutionConfigurationPlatforms) = preSolution
		Debug|Any CPU = Debug|Any CPU
		Debug|x64 = Debug|x64
		Debug|x86 = Debug|x86
		Release|Any CPU = Release|Any CPU
		Release|x64 = Release|x64
		Release|x86 = Release|x86
	EndGlobalSection
	GlobalSection(ProjectConfigurationPlatforms) = postSolution
		{6607A0FB-6E41-44DA-BF8C-A8263D9AD46C}.Debug|Any CPU.ActiveCfg = Debug|Any CPU
		{6607A0FB-6E41-44DA-BF8C-A8263D9AD46C}.Debug|Any CPU.Build.0 = Debug|Any CPU
		{6607A0FB-6E41-44DA-BF8C-A8263D9AD46C}.Debug|x64.ActiveCfg = Debug|Any CPU
		{6607A0FB-6E41-44DA-BF8C-A8263D9AD46C}.Debug|x64.Build.0 = Debug|Any CPU
		{6607A0FB-6E41-44DA-BF8C-A8263D9AD46C}.Debug|x86.ActiveCfg = Debug|Any CPU
		{6607A0FB-6E41-44DA-BF8C-A8263D9AD46C}.Debug|x86.Build.0 = Debug|Any CPU
		{6607A0FB-6E41-44DA-BF8C-A8263D9AD46C}.Release|Any CPU.ActiveCfg = Release|Any CPU
		{6607A0FB-6E41-44DA-BF8C-A8263D9AD46C}.Release|Any CPU.Build.0 = Release|Any CPU
		{6607A0FB-6E41-44DA-BF8C-A8263D9AD46C}.Release|x64.ActiveCfg = Release|Any CPU
		{6607A0FB-6E41-44DA-BF8C-A8263D9AD46C}.Release|x64.Build.0 = Release|Any CPU
		{6607A0FB-6E41-44DA-BF8C-A8263D9AD46C}.Release|x86.ActiveCfg = Release|Any CPU
		{6607A0FB-6E41-44DA-BF8C-A8263D9AD46C}.Release|x86.Build.0 = Release|Any CPU
		{E6CAB6A8-4286-4F8F-9868-576FCE1EE289}.Debug|Any CPU.ActiveCfg = Debug|Any CPU
		{E6CAB6A8-4286-4F8F-9868-576FCE1EE289}.Debug|Any CPU.Build.0 = Debug|Any CPU
		{E6CAB6A8-4286-4F8F-9868-576FCE1EE289}.Debug|x64.ActiveCfg = Debug|Any CPU
		{E6CAB6A8-4286-4F8F-9868-576FCE1EE289}.Debug|x64.Build.0 = Debug|Any CPU
		{E6CAB6A8-4286-4F8F-9868-576FCE1EE289}.Debug|x86.ActiveCfg = Debug|Any CPU
		{E6CAB6A8-4286-4F8F-9868-576FCE1EE289}.Debug|x86.Build.0 = Debug|Any CPU
		{E6CAB6A8-4286-4F8F-9868-576FCE1EE289}.Release|Any CPU.ActiveCfg = Release|Any CPU
		{E6CAB6A8-4286-4F8F-9868-576FCE1EE289}.Release|Any CPU.Build.0 = Release|Any CPU
		{E6CAB6A8-4286-4F8F-9868-576FCE1EE289}.Release|x64.ActiveCfg = Release|Any CPU
		{E6CAB6A8-4286-4F8F-9868-576FCE1EE289}.Release|x64.Build.0 = Release|Any CPU
		{E6CAB6A8-4286-4F8F-9868-576FCE1EE289}.Release|x86.ActiveCfg = Release|Any CPU
		{E6CAB6A8-4286-4F8F-9868-576FCE1EE289}.Release|x86.Build.0 = Release|Any CPU
		{CF4ABAFF-2459-465B-8B9A-CA1F5D689449}.Debug|Any CPU.ActiveCfg = Debug|Any CPU
		{CF4ABAFF-2459-465B-8B9A-CA1F5D689449}.Debug|Any CPU.Build.0 = Debug|Any CPU
		{CF4ABAFF-2459-465B-8B9A-CA1F5D689449}.Debug|x64.ActiveCfg = Debug|Any CPU
		{CF4ABAFF-2459-465B-8B9A-CA1F5D689449}.Debug|x64.Build.0 = Debug|Any CPU
		{CF4ABAFF-2459-465B-8B9A-CA1F5D689449}.Debug|x86.ActiveCfg = Debug|Any CPU
		{CF4ABAFF-2459-465B-8B9A-CA1F5D689449}.Debug|x86.Build.0 = Debug|Any CPU
		{CF4ABAFF-2459-465B-8B9A-CA1F5D689449}.Release|Any CPU.ActiveCfg = Release|Any CPU
		{CF4ABAFF-2459-465B-8B9A-CA1F5D689449}.Release|Any CPU.Build.0 = Release|Any CPU
		{CF4ABAFF-2459-465B-8B9A-CA1F5D689449}.Release|x64.ActiveCfg = Release|Any CPU
		{CF4ABAFF-2459-465B-8B9A-CA1F5D689449}.Release|x64.Build.0 = Release|Any CPU
		{CF4ABAFF-2459-465B-8B9A-CA1F5D689449}.Release|x86.ActiveCfg = Release|Any CPU
		{CF4ABAFF-2459-465B-8B9A-CA1F5D689449}.Release|x86.Build.0 = Release|Any CPU
		{2DDA290A-E5D4-41D4-A621-388A242D5700}.Debug|Any CPU.ActiveCfg = Debug|Any CPU
		{2DDA290A-E5D4-41D4-A621-388A242D5700}.Debug|Any CPU.Build.0 = Debug|Any CPU
		{2DDA290A-E5D4-41D4-A621-388A242D5700}.Debug|x64.ActiveCfg = Debug|Any CPU
		{2DDA290A-E5D4-41D4-A621-388A242D5700}.Debug|x64.Build.0 = Debug|Any CPU
		{2DDA290A-E5D4-41D4-A621-388A242D5700}.Debug|x86.ActiveCfg = Debug|Any CPU
		{2DDA290A-E5D4-41D4-A621-388A242D5700}.Debug|x86.Build.0 = Debug|Any CPU
		{2DDA290A-E5D4-41D4-A621-388A242D5700}.Release|Any CPU.ActiveCfg = Release|Any CPU
		{2DDA290A-E5D4-41D4-A621-388A242D5700}.Release|Any CPU.Build.0 = Release|Any CPU
		{2DDA290A-E5D4-41D4-A621-388A242D5700}.Release|x64.ActiveCfg = Release|Any CPU
		{2DDA290A-E5D4-41D4-A621-388A242D5700}.Release|x64.Build.0 = Release|Any CPU
		{2DDA290A-E5D4-41D4-A621-388A242D5700}.Release|x86.ActiveCfg = Release|Any CPU
		{2DDA290A-E5D4-41D4-A621-388A242D5700}.Release|x86.Build.0 = Release|Any CPU
		{22B37736-1275-4209-B606-EA7C4EBAABF9}.Debug|Any CPU.ActiveCfg = Debug|Any CPU
		{22B37736-1275-4209-B606-EA7C4EBAABF9}.Debug|Any CPU.Build.0 = Debug|Any CPU
		{22B37736-1275-4209-B606-EA7C4EBAABF9}.Debug|x64.ActiveCfg = Debug|Any CPU
		{22B37736-1275-4209-B606-EA7C4EBAABF9}.Debug|x64.Build.0 = Debug|Any CPU
		{22B37736-1275-4209-B606-EA7C4EBAABF9}.Debug|x86.ActiveCfg = Debug|Any CPU
		{22B37736-1275-4209-B606-EA7C4EBAABF9}.Debug|x86.Build.0 = Debug|Any CPU
		{22B37736-1275-4209-B606-EA7C4EBAABF9}.Release|Any CPU.ActiveCfg = Release|Any CPU
		{22B37736-1275-4209-B606-EA7C4EBAABF9}.Release|Any CPU.Build.0 = Release|Any CPU
		{22B37736-1275-4209-B606-EA7C4EBAABF9}.Release|x64.ActiveCfg = Release|Any CPU
		{22B37736-1275-4209-B606-EA7C4EBAABF9}.Release|x64.Build.0 = Release|Any CPU
		{22B37736-1275-4209-B606-EA7C4EBAABF9}.Release|x86.ActiveCfg = Release|Any CPU
		{22B37736-1275-4209-B606-EA7C4EBAABF9}.Release|x86.Build.0 = Release|Any CPU
	EndGlobalSection
	GlobalSection(SolutionProperties) = preSolution
		HideSolutionNode = FALSE
	EndGlobalSection
EndGlobal
